// !$*UTF8*$!
{
	archiveVersion = 1;
	classes = {
	};
	objectVersion = 55;
	objects = {

/* Begin PBXBuildFile section */
		5DE3E88A270FE47B00D5398C /* main.swift in Sources */ = {isa = PBXBuildFile; fileRef = 5DE3E889270FE47B00D5398C /* main.swift */; };
		5DE3E891270FE4EA00D5398C /* SeqSearch.swift in Sources */ = {isa = PBXBuildFile; fileRef = 5DE3E890270FE4EA00D5398C /* SeqSearch.swift */; };
		5DE3E893270FE4F400D5398C /* BinarySearch.swift in Sources */ = {isa = PBXBuildFile; fileRef = 5DE3E892270FE4F400D5398C /* BinarySearch.swift */; };
		5DE3E895270FE4FE00D5398C /* FibonacciSearch.swift in Sources */ = {isa = PBXBuildFile; fileRef = 5DE3E894270FE4FE00D5398C /* FibonacciSearch.swift */; };
		5DE3E897270FE50700D5398C /* InsertValueSearch.swift in Sources */ = {isa = PBXBuildFile; fileRef = 5DE3E896270FE50700D5398C /* InsertValueSearch.swift */; };
/* End PBXBuildFile section */

/* Begin PBXCopyFilesBuildPhase section */
		5DE3E884270FE47B00D5398C /* CopyFiles */ = {
			isa = PBXCopyFilesBuildPhase;
			buildActionMask = 2147483647;
			dstPath = /usr/share/man/man1/;
			dstSubfolderSpec = 0;
			files = (
			);
			runOnlyForDeploymentPostprocessing = 1;
		};
/* End PBXCopyFilesBuildPhase section */

/* Begin PBXFileReference section */
		5DE3E886270FE47B00D5398C /* 查找算法相关 */ = {isa = PBXFileReference; explicitFileType = "compiled.mach-o.executable"; includeInIndex = 0; path = "查找算法相关"; sourceTree = BUILT_PRODUCTS_DIR; };
		5DE3E889270FE47B00D5398C /* main.swift */ = {isa = PBXFileReference; lastKnownFileType = sourcecode.swift; path = main.swift; sourceTree = "<group>"; };
		5DE3E890270FE4EA00D5398C /* SeqSearch.swift */ = {isa = PBXFileReference; lastKnownFileType = sourcecode.swift; path = SeqSearch.swift; sourceTree = "<group>"; };
		5DE3E892270FE4F400D5398C /* BinarySearch.swift */ = {isa = PBXFileReference; lastKnownFileType = sourcecode.swift; path = BinarySearch.swift; sourceTree = "<group>"; };
		5DE3E894270FE4FE00D5398C /* FibonacciSearch.swift */ = {isa = PBXFileReference; lastKnownFileType = sourcecode.swift; path = FibonacciSearch.swift; sourceTree = "<group>"; };
		5DE3E896270FE50700D5398C /* InsertValueSearch.swift */ = {isa = PBXFileReference; lastKnownFileType = sourcecode.swift; path = InsertValueSearch.swift; sourceTree = "<group>"; };
/* End PBXFileReference section */

/* Begin PBXFrameworksBuildPhase section */
		5DE3E883270FE47B00D5398C /* Frameworks */ = {
			isa = PBXFrameworksBuildPhase;
			buildActionMask = 2147483647;
			files = (
			);
			runOnlyForDeploymentPostprocessing = 0;
		};
/* End PBXFrameworksBuildPhase section */

/* Begin PBXGroup section */
		5DE3E87D270FE47B00D5398C = {
			isa = PBXGroup;
			children = (
				5DE3E888270FE47B00D5398C /* 查找算法相关 */,
				5DE3E887270FE47B00D5398C /* Products */,
			);
			sourceTree = "<group>";
		};
		5DE3E887270FE47B00D5398C /* Products */ = {
			isa = PBXGroup;
			children = (
				5DE3E886270FE47B00D5398C /* 查找算法相关 */,
			);
			name = Products;
			sourceTree = "<group>";
		};
		5DE3E888270FE47B00D5398C /* 查找算法相关 */ = {
			isa = PBXGroup;
			children = (
				5DE3E889270FE47B00D5398C /* main.swift */,
				5DE3E890270FE4EA00D5398C /* SeqSearch.swift */,
				5DE3E892270FE4F400D5398C /* BinarySearch.swift */,
				5DE3E894270FE4FE00D5398C /* FibonacciSearch.swift */,
				5DE3E896270FE50700D5398C /* InsertValueSearch.swift */,
			);
			path = "查找算法相关";
			sourceTree = "<group>";
		};
/* End PBXGroup section */

/* Begin PBXNativeTarget section */
		5DE3E885270FE47B00D5398C /* 查找算法相关 */ = {
			isa = PBXNativeTarget;
			buildConfigurationList = 5DE3E88D270FE47B00D5398C /* Build configuration list for PBXNativeTarget "查找算法相关" */;
			buildPhases = (
				5DE3E882270FE47B00D5398C /* Sources */,
				5DE3E883270FE47B00D5398C /* Frameworks */,
				5DE3E884270FE47B00D5398C /* CopyFiles */,
			);
			buildRules = (
			);
			dependencies = (
			);
			name = "查找算法相关";
			productName = "查找算法相关";
			productReference = 5DE3E886270FE47B00D5398C /* 查找算法相关 */;
			productType = "com.apple.product-type.tool";
		};
/* End PBXNativeTarget section */

/* Begin PBXProject section */
		5DE3E87E270FE47B00D5398C /* Project object */ = {
			isa = PBXProject;
			attributes = {
				BuildIndependentTargetsInParallel = 1;
				LastSwiftUpdateCheck = 1300;
				LastUpgradeCheck = 1300;
				TargetAttributes = {
					5DE3E885270FE47B00D5398C = {
						CreatedOnToolsVersion = 13.0;
					};
				};
			};
			buildConfigurationList = 5DE3E881270FE47B00D5398C /* Build configuration list for PBXProject "查找算法相关" */;
			compatibilityVersion = "Xcode 13.0";
			developmentRegion = en;
			hasScannedForEncodings = 0;
			knownRegions = (
				en,
				Base,
			);
			mainGroup = 5DE3E87D270FE47B00D5398C;
			productRefGroup = 5DE3E887270FE47B00D5398C /* Products */;
			projectDirPath = "";
			projectRoot = "";
			targets = (
				5DE3E885270FE47B00D5398C /* 查找算法相关 */,
			);
		};
/* End PBXProject section */

/* Begin PBXSourcesBuildPhase section */
		5DE3E882270FE47B00D5398C /* Sources */ = {
			isa = PBXSourcesBuildPhase;
			buildActionMask = 2147483647;
			files = (
				5DE3E895270FE4FE00D5398C /* FibonacciSearch.swift in Sources */,
				5DE3E88A270FE47B00D5398C /* main.swift in Sources */,
				5DE3E897270FE50700D5398C /* InsertValueSearch.swift in Sources */,
				5DE3E891270FE4EA00D5398C /* SeqSearch.swift in Sources */,
				5DE3E893270FE4F400D5398C /* BinarySearch.swift in Sources */,
			);
			runOnlyForDeploymentPostprocessing = 0;
		};
/* End PBXSourcesBuildPhase section */

/* Begin XCBuildConfiguration section */
		5DE3E88B270FE47B00D5398C /* Debug */ = {
			isa = XCBuildConfiguration;
			buildSettings = {
				ALWAYS_SEARCH_USER_PATHS = NO;
				CLANG_ANALYZER_NONNULL = YES;
				CLANG_ANALYZER_NUMBER_OBJECT_CONVERSION = YES_AGGRESSIVE;
				CLANG_CXX_LANGUAGE_STANDARD = "gnu++17";
				CLANG_CXX_LIBRARY = "libc++";
				CLANG_ENABLE_MODULES = YES;
				CLANG_ENABLE_OBJC_ARC = YES;
				CLANG_ENABLE_OBJC_WEAK = YES;
				CLANG_WARN_BLOCK_CAPTURE_AUTORELEASING = YES;
				CLANG_WARN_BOOL_CONVERSION = YES;
				CLANG_WARN_COMMA = YES;
				CLANG_WARN_CONSTANT_CONVERSION = YES;
				CLANG_WARN_DEPRECATED_OBJC_IMPLEMENTATIONS = YES;
				CLANG_WARN_DIRECT_OBJC_ISA_USAGE = YES_ERROR;
				CLANG_WARN_DOCUMENTATION_COMMENTS = YES;
				CLANG_WARN_EMPTY_BODY = YES;
				CLANG_WARN_ENUM_CONVERSION = YES;
				CLANG_WARN_INFINITE_RECURSION = YES;
				CLANG_WARN_INT_CONVERSION = YES;
				CLANG_WARN_NON_LITERAL_NULL_CONVERSION = YES;
				CLANG_WARN_OBJC_IMPLICIT_RETAIN_SELF = YES;
				CLANG_WARN_OBJC_LITERAL_CONVERSION = YES;
				CLANG_WARN_OBJC_ROOT_CLASS = YES_ERROR;
				CLANG_WARN_QUOTED_INCLUDE_IN_FRAMEWORK_HEADER = YES;
				CLANG_WARN_RANGE_LOOP_ANALYSIS = YES;
				CLANG_WARN_STRICT_PROTOTYPES = YES;
				CLANG_WARN_SUSPICIOUS_MOVE = YES;
				CLANG_WARN_UNGUARDED_AVAILABILITY = YES_AGGRESSIVE;
				CLANG_WARN_UNREACHABLE_CODE = YES;
				CLANG_WARN__DUPLICATE_METHOD_MATCH = YES;
				COPY_PHASE_STRIP = NO;
				DEBUG_INFORMATION_FORMAT = dwarf;
				ENABLE_STRICT_OBJC_MSGSEND = YES;
				ENABLE_TESTABILITY = YES;
				GCC_C_LANGUAGE_STANDARD = gnu11;
				GCC_DYNAMIC_NO_PIC = NO;
				GCC_NO_COMMON_BLOCKS = YES;
				GCC_OPTIMIZATION_LEVEL = 0;
				GCC_PREPROCESSOR_DEFINITIONS = (
					"DEBUG=1",
					"$(inherited)",
				);
				GCC_WARN_64_TO_32_BIT_CONVERSION = YES;
				GCC_WARN_ABOUT_RETURN_TYPE = YES_ERROR;
				GCC_WARN_UNDECLARED_SELECTOR = YES;
				GCC_WARN_UNINITIALIZED_AUTOS = YES_AGGRESSIVE;
				GCC_WARN_UNUSED_FUNCTION = YES;
				GCC_WARN_UNUSED_VARIABLE = YES;
				MACOSX_DEPLOYMENT_TARGET = 11.3;
				MTL_ENABLE_DEBUG_INFO = INCLUDE_SOURCE;
				MTL_FAST_MATH = YES;
				ONLY_ACTIVE_ARCH = YES;
				SDKROOT = macosx;
				SWIFT_ACTIVE_COMPILATION_CONDITIONS = DEBUG;
				SWIFT_OPTIMIZATION_LEVEL = "-Onone";
			};
			name = Debug;
		};
		5DE3E88C270FE47B00D5398C /* Release */ = {
			isa = XCBuildConfiguration;
			buildSettings = {
				ALWAYS_SEARCH_USER_PATHS = NO;
				CLANG_ANALYZER_NONNULL = YES;
				CLANG_ANALYZER_NUMBER_OBJECT_CONVERSION = YES_AGGRESSIVE;
				CLANG_CXX_LANGUAGE_STANDARD = "gnu++17";
				CLANG_CXX_LIBRARY = "libc++";
				CLANG_ENABLE_MODULES = YES;
				CLANG_ENABLE_OBJC_ARC = YES;
				CLANG_ENABLE_OBJC_WEAK = YES;
				CLANG_WARN_BLOCK_CAPTURE_AUTORELEASING = YES;
				CLANG_WARN_BOOL_CONVERSION = YES;
				CLANG_WARN_COMMA = YES;
				CLANG_WARN_CONSTANT_CONVERSION = YES;
				CLANG_WARN_DEPRECATED_OBJC_IMPLEMENTATIONS = YES;
				CLANG_WARN_DIRECT_OBJC_ISA_USAGE = YES_ERROR;
				CLANG_WARN_DOCUMENTATION_COMMENTS = YES;
				CLANG_WARN_EMPTY_BODY = YES;
				CLANG_WARN_ENUM_CONVERSION = YES;
				CLANG_WARN_INFINITE_RECURSION = YES;
				CLANG_WARN_INT_CONVERSION = YES;
				CLANG_WARN_NON_LITERAL_NULL_CONVERSION = YES;
				CLANG_WARN_OBJC_IMPLICIT_RETAIN_SELF = YES;
				CLANG_WARN_OBJC_LITERAL_CONVERSION = YES;
				CLANG_WARN_OBJC_ROOT_CLASS = YES_ERROR;
				CLANG_WARN_QUOTED_INCLUDE_IN_FRAMEWORK_HEADER = YES;
				CLANG_WARN_RANGE_LOOP_ANALYSIS = YES;
				CLANG_WARN_STRICT_PROTOTYPES = YES;
				CLANG_WARN_SUSPICIOUS_MOVE = YES;
				CLANG_WARN_UNGUARDED_AVAILABILITY = YES_AGGRESSIVE;
				CLANG_WARN_UNREACHABLE_CODE = YES;
				CLANG_WARN__DUPLICATE_METHOD_MATCH = YES;
				COPY_PHASE_STRIP = NO;
				DEBUG_INFORMATION_FORMAT = "dwarf-with-dsym";
				ENABLE_NS_ASSERTIONS = NO;
				ENABLE_STRICT_OBJC_MSGSEND = YES;
				GCC_C_LANGUAGE_STANDARD = gnu11;
				GCC_NO_COMMON_BLOCKS = YES;
				GCC_WARN_64_TO_32_BIT_CONVERSION = YES;
				GCC_WARN_ABOUT_RETURN_TYPE = YES_ERROR;
				GCC_WARN_UNDECLARED_SELECTOR = YES;
				GCC_WARN_UNINITIALIZED_AUTOS = YES_AGGRESSIVE;
				GCC_WARN_UNUSED_FUNCTION = YES;
				GCC_WARN_UNUSED_VARIABLE = YES;
				MACOSX_DEPLOYMENT_TARGET = 11.3;
				MTL_ENABLE_DEBUG_INFO = NO;
				MTL_FAST_MATH = YES;
				SDKROOT = macosx;
				SWIFT_COMPILATION_MODE = wholemodule;
				SWIFT_OPTIMIZATION_LEVEL = "-O";
			};
			name = Release;
		};
		5DE3E88E270FE47B00D5398C /* Debug */ = {
			isa = XCBuildConfiguration;
			buildSettings = {
				CODE_SIGN_STYLE = Automatic;
				DEVELOPMENT_TEAM = Z94N9TWNQX;
				ENABLE_HARDENED_RUNTIME = YES;
				PRODUCT_NAME = "$(TARGET_NAME)";
				SWIFT_VERSION = 5.0;
			};
			name = Debug;
		};
		5DE3E88F270FE47B00D5398C /* Release */ = {
			isa = XCBuildConfiguration;
			buildSettings = {
				CODE_SIGN_STYLE = Automatic;
				DEVELOPMENT_TEAM = Z94N9TWNQX;
				ENABLE_HARDENED_RUNTIME = YES;
				PRODUCT_NAME = "$(TARGET_NAME)";
				SWIFT_VERSION = 5.0;
			};
			name = Release;
		};
/* End XCBuildConfiguration section */

/* Begin XCConfigurationList section */
		5DE3E881270FE47B00D5398C /* Build configuration list for PBXProject "查找算法相关" */ = {
			isa = XCConfigurationList;
			buildConfigurations = (
				5DE3E88B270FE47B00D5398C /* Debug */,
				5DE3E88C270FE47B00D5398C /* Release */,
			);
			defaultConfigurationIsVisible = 0;
			defaultConfigurationName = Release;
		};
		5DE3E88D270FE47B00D5398C /* Build configuration list for PBXNativeTarget "查找算法相关" */ = {
			isa = XCConfigurationList;
			buildConfigurations = (
				5DE3E88E270FE47B00D5398C /* Debug */,
				5DE3E88F270FE47B00D5398C /* Release */,
			);
			defaultConfigurationIsVisible = 0;
			defaultConfigurationName = Release;
		};
/* End XCConfigurationList section */
	};
	rootObject = 5DE3E87E270FE47B00D5398C /* Project object */;
}
