// !$*UTF8*$!
{
	archiveVersion = 1;
	classes = {
	};
	objectVersion = 50;
	objects = {

/* Begin PBXBuildFile section */
		5D012F8624DA5D3F001DCD12 /* main.swift in Sources */ = {isa = PBXBuildFile; fileRef = 5D012F8524DA5D3F001DCD12 /* main.swift */; };
		5D012F8D24DA5D4F001DCD12 /* HeroNode.swift in Sources */ = {isa = PBXBuildFile; fileRef = 5D012F8C24DA5D4F001DCD12 /* HeroNode.swift */; };
		5D012F8F24DA5D61001DCD12 /* SingleLinkedList.swift in Sources */ = {isa = PBXBuildFile; fileRef = 5D012F8E24DA5D61001DCD12 /* SingleLinkedList.swift */; };
		5D0262F124DE94FF00D82C0D /* HeroNode2.swift in Sources */ = {isa = PBXBuildFile; fileRef = 5D0262F024DE94FF00D82C0D /* HeroNode2.swift */; };
		5D0262F324DE952F00D82C0D /* DoubleLinkedList.swift in Sources */ = {isa = PBXBuildFile; fileRef = 5D0262F224DE952F00D82C0D /* DoubleLinkedList.swift */; };
		5D46517824DEF0F3003AE158 /* Boy.swift in Sources */ = {isa = PBXBuildFile; fileRef = 5D46517724DEF0F3003AE158 /* Boy.swift */; };
		5D46517C24DEF236003AE158 /* CircleSingleLinkedList.swift in Sources */ = {isa = PBXBuildFile; fileRef = 5D46517B24DEF236003AE158 /* CircleSingleLinkedList.swift */; };
		5DF364D824DBDDC60032753B /* Stack.swift in Sources */ = {isa = PBXBuildFile; fileRef = 5DF364D724DBDDC60032753B /* Stack.swift */; };
/* End PBXBuildFile section */

/* Begin PBXCopyFilesBuildPhase section */
		5D012F8024DA5D3F001DCD12 /* CopyFiles */ = {
			isa = PBXCopyFilesBuildPhase;
			buildActionMask = 2147483647;
			dstPath = /usr/share/man/man1/;
			dstSubfolderSpec = 0;
			files = (
			);
			runOnlyForDeploymentPostprocessing = 1;
		};
/* End PBXCopyFilesBuildPhase section */

/* Begin PBXFileReference section */
		5D012F8224DA5D3F001DCD12 /* 链表相关 */ = {isa = PBXFileReference; explicitFileType = "compiled.mach-o.executable"; includeInIndex = 0; path = "链表相关"; sourceTree = BUILT_PRODUCTS_DIR; };
		5D012F8524DA5D3F001DCD12 /* main.swift */ = {isa = PBXFileReference; lastKnownFileType = sourcecode.swift; path = main.swift; sourceTree = "<group>"; };
		5D012F8C24DA5D4F001DCD12 /* HeroNode.swift */ = {isa = PBXFileReference; lastKnownFileType = sourcecode.swift; path = HeroNode.swift; sourceTree = "<group>"; };
		5D012F8E24DA5D61001DCD12 /* SingleLinkedList.swift */ = {isa = PBXFileReference; lastKnownFileType = sourcecode.swift; path = SingleLinkedList.swift; sourceTree = "<group>"; };
		5D0262F024DE94FF00D82C0D /* HeroNode2.swift */ = {isa = PBXFileReference; lastKnownFileType = sourcecode.swift; path = HeroNode2.swift; sourceTree = "<group>"; };
		5D0262F224DE952F00D82C0D /* DoubleLinkedList.swift */ = {isa = PBXFileReference; lastKnownFileType = sourcecode.swift; path = DoubleLinkedList.swift; sourceTree = "<group>"; };
		5D46517724DEF0F3003AE158 /* Boy.swift */ = {isa = PBXFileReference; lastKnownFileType = sourcecode.swift; path = Boy.swift; sourceTree = "<group>"; };
		5D46517B24DEF236003AE158 /* CircleSingleLinkedList.swift */ = {isa = PBXFileReference; lastKnownFileType = sourcecode.swift; path = CircleSingleLinkedList.swift; sourceTree = "<group>"; };
		5DF364D724DBDDC60032753B /* Stack.swift */ = {isa = PBXFileReference; lastKnownFileType = sourcecode.swift; path = Stack.swift; sourceTree = "<group>"; };
/* End PBXFileReference section */

/* Begin PBXFrameworksBuildPhase section */
		5D012F7F24DA5D3F001DCD12 /* Frameworks */ = {
			isa = PBXFrameworksBuildPhase;
			buildActionMask = 2147483647;
			files = (
			);
			runOnlyForDeploymentPostprocessing = 0;
		};
/* End PBXFrameworksBuildPhase section */

/* Begin PBXGroup section */
		5D012F7924DA5D3F001DCD12 = {
			isa = PBXGroup;
			children = (
				5D012F8424DA5D3F001DCD12 /* 链表相关 */,
				5D012F8324DA5D3F001DCD12 /* Products */,
			);
			sourceTree = "<group>";
		};
		5D012F8324DA5D3F001DCD12 /* Products */ = {
			isa = PBXGroup;
			children = (
				5D012F8224DA5D3F001DCD12 /* 链表相关 */,
			);
			name = Products;
			sourceTree = "<group>";
		};
		5D012F8424DA5D3F001DCD12 /* 链表相关 */ = {
			isa = PBXGroup;
			children = (
				5D012F8524DA5D3F001DCD12 /* main.swift */,
				5D012F8C24DA5D4F001DCD12 /* HeroNode.swift */,
				5D012F8E24DA5D61001DCD12 /* SingleLinkedList.swift */,
				5DF364D724DBDDC60032753B /* Stack.swift */,
				5D0262F024DE94FF00D82C0D /* HeroNode2.swift */,
				5D0262F224DE952F00D82C0D /* DoubleLinkedList.swift */,
				5D46517724DEF0F3003AE158 /* Boy.swift */,
				5D46517B24DEF236003AE158 /* CircleSingleLinkedList.swift */,
			);
			path = "链表相关";
			sourceTree = "<group>";
		};
/* End PBXGroup section */

/* Begin PBXNativeTarget section */
		5D012F8124DA5D3F001DCD12 /* 链表相关 */ = {
			isa = PBXNativeTarget;
			buildConfigurationList = 5D012F8924DA5D3F001DCD12 /* Build configuration list for PBXNativeTarget "链表相关" */;
			buildPhases = (
				5D012F7E24DA5D3F001DCD12 /* Sources */,
				5D012F7F24DA5D3F001DCD12 /* Frameworks */,
				5D012F8024DA5D3F001DCD12 /* CopyFiles */,
			);
			buildRules = (
			);
			dependencies = (
			);
			name = "链表相关";
			productName = "链表相关";
			productReference = 5D012F8224DA5D3F001DCD12 /* 链表相关 */;
			productType = "com.apple.product-type.tool";
		};
/* End PBXNativeTarget section */

/* Begin PBXProject section */
		5D012F7A24DA5D3F001DCD12 /* Project object */ = {
			isa = PBXProject;
			attributes = {
				LastSwiftUpdateCheck = 1150;
				LastUpgradeCheck = 1150;
				ORGANIZATIONNAME = Tate;
				TargetAttributes = {
					5D012F8124DA5D3F001DCD12 = {
						CreatedOnToolsVersion = 11.5;
					};
				};
			};
			buildConfigurationList = 5D012F7D24DA5D3F001DCD12 /* Build configuration list for PBXProject "链表相关" */;
			compatibilityVersion = "Xcode 9.3";
			developmentRegion = en;
			hasScannedForEncodings = 0;
			knownRegions = (
				en,
				Base,
			);
			mainGroup = 5D012F7924DA5D3F001DCD12;
			productRefGroup = 5D012F8324DA5D3F001DCD12 /* Products */;
			projectDirPath = "";
			projectRoot = "";
			targets = (
				5D012F8124DA5D3F001DCD12 /* 链表相关 */,
			);
		};
/* End PBXProject section */

/* Begin PBXSourcesBuildPhase section */
		5D012F7E24DA5D3F001DCD12 /* Sources */ = {
			isa = PBXSourcesBuildPhase;
			buildActionMask = 2147483647;
			files = (
				5DF364D824DBDDC60032753B /* Stack.swift in Sources */,
				5D0262F324DE952F00D82C0D /* DoubleLinkedList.swift in Sources */,
				5D0262F124DE94FF00D82C0D /* HeroNode2.swift in Sources */,
				5D012F8624DA5D3F001DCD12 /* main.swift in Sources */,
				5D012F8F24DA5D61001DCD12 /* SingleLinkedList.swift in Sources */,
				5D012F8D24DA5D4F001DCD12 /* HeroNode.swift in Sources */,
				5D46517C24DEF236003AE158 /* CircleSingleLinkedList.swift in Sources */,
				5D46517824DEF0F3003AE158 /* Boy.swift in Sources */,
			);
			runOnlyForDeploymentPostprocessing = 0;
		};
/* End PBXSourcesBuildPhase section */

/* Begin XCBuildConfiguration section */
		5D012F8724DA5D3F001DCD12 /* Debug */ = {
			isa = XCBuildConfiguration;
			buildSettings = {
				ALWAYS_SEARCH_USER_PATHS = NO;
				CLANG_ANALYZER_NONNULL = YES;
				CLANG_ANALYZER_NUMBER_OBJECT_CONVERSION = YES_AGGRESSIVE;
				CLANG_CXX_LANGUAGE_STANDARD = "gnu++14";
				CLANG_CXX_LIBRARY = "libc++";
				CLANG_ENABLE_MODULES = YES;
				CLANG_ENABLE_OBJC_ARC = YES;
				CLANG_ENABLE_OBJC_WEAK = YES;
				CLANG_WARN_BLOCK_CAPTURE_AUTORELEASING = YES;
				CLANG_WARN_BOOL_CONVERSION = YES;
				CLANG_WARN_COMMA = YES;
				CLANG_WARN_CONSTANT_CONVERSION = YES;
				CLANG_WARN_DEPRECATED_OBJC_IMPLEMENTATIONS = YES;
				CLANG_WARN_DIRECT_OBJC_ISA_USAGE = YES_ERROR;
				CLANG_WARN_DOCUMENTATION_COMMENTS = YES;
				CLANG_WARN_EMPTY_BODY = YES;
				CLANG_WARN_ENUM_CONVERSION = YES;
				CLANG_WARN_INFINITE_RECURSION = YES;
				CLANG_WARN_INT_CONVERSION = YES;
				CLANG_WARN_NON_LITERAL_NULL_CONVERSION = YES;
				CLANG_WARN_OBJC_IMPLICIT_RETAIN_SELF = YES;
				CLANG_WARN_OBJC_LITERAL_CONVERSION = YES;
				CLANG_WARN_OBJC_ROOT_CLASS = YES_ERROR;
				CLANG_WARN_RANGE_LOOP_ANALYSIS = YES;
				CLANG_WARN_STRICT_PROTOTYPES = YES;
				CLANG_WARN_SUSPICIOUS_MOVE = YES;
				CLANG_WARN_UNGUARDED_AVAILABILITY = YES_AGGRESSIVE;
				CLANG_WARN_UNREACHABLE_CODE = YES;
				CLANG_WARN__DUPLICATE_METHOD_MATCH = YES;
				COPY_PHASE_STRIP = NO;
				DEBUG_INFORMATION_FORMAT = dwarf;
				ENABLE_STRICT_OBJC_MSGSEND = YES;
				ENABLE_TESTABILITY = YES;
				GCC_C_LANGUAGE_STANDARD = gnu11;
				GCC_DYNAMIC_NO_PIC = NO;
				GCC_NO_COMMON_BLOCKS = YES;
				GCC_OPTIMIZATION_LEVEL = 0;
				GCC_PREPROCESSOR_DEFINITIONS = (
					"DEBUG=1",
					"$(inherited)",
				);
				GCC_WARN_64_TO_32_BIT_CONVERSION = YES;
				GCC_WARN_ABOUT_RETURN_TYPE = YES_ERROR;
				GCC_WARN_UNDECLARED_SELECTOR = YES;
				GCC_WARN_UNINITIALIZED_AUTOS = YES_AGGRESSIVE;
				GCC_WARN_UNUSED_FUNCTION = YES;
				GCC_WARN_UNUSED_VARIABLE = YES;
				MACOSX_DEPLOYMENT_TARGET = 10.15;
				MTL_ENABLE_DEBUG_INFO = INCLUDE_SOURCE;
				MTL_FAST_MATH = YES;
				ONLY_ACTIVE_ARCH = YES;
				SDKROOT = macosx;
				SWIFT_ACTIVE_COMPILATION_CONDITIONS = DEBUG;
				SWIFT_OPTIMIZATION_LEVEL = "-Onone";
			};
			name = Debug;
		};
		5D012F8824DA5D3F001DCD12 /* Release */ = {
			isa = XCBuildConfiguration;
			buildSettings = {
				ALWAYS_SEARCH_USER_PATHS = NO;
				CLANG_ANALYZER_NONNULL = YES;
				CLANG_ANALYZER_NUMBER_OBJECT_CONVERSION = YES_AGGRESSIVE;
				CLANG_CXX_LANGUAGE_STANDARD = "gnu++14";
				CLANG_CXX_LIBRARY = "libc++";
				CLANG_ENABLE_MODULES = YES;
				CLANG_ENABLE_OBJC_ARC = YES;
				CLANG_ENABLE_OBJC_WEAK = YES;
				CLANG_WARN_BLOCK_CAPTURE_AUTORELEASING = YES;
				CLANG_WARN_BOOL_CONVERSION = YES;
				CLANG_WARN_COMMA = YES;
				CLANG_WARN_CONSTANT_CONVERSION = YES;
				CLANG_WARN_DEPRECATED_OBJC_IMPLEMENTATIONS = YES;
				CLANG_WARN_DIRECT_OBJC_ISA_USAGE = YES_ERROR;
				CLANG_WARN_DOCUMENTATION_COMMENTS = YES;
				CLANG_WARN_EMPTY_BODY = YES;
				CLANG_WARN_ENUM_CONVERSION = YES;
				CLANG_WARN_INFINITE_RECURSION = YES;
				CLANG_WARN_INT_CONVERSION = YES;
				CLANG_WARN_NON_LITERAL_NULL_CONVERSION = YES;
				CLANG_WARN_OBJC_IMPLICIT_RETAIN_SELF = YES;
				CLANG_WARN_OBJC_LITERAL_CONVERSION = YES;
				CLANG_WARN_OBJC_ROOT_CLASS = YES_ERROR;
				CLANG_WARN_RANGE_LOOP_ANALYSIS = YES;
				CLANG_WARN_STRICT_PROTOTYPES = YES;
				CLANG_WARN_SUSPICIOUS_MOVE = YES;
				CLANG_WARN_UNGUARDED_AVAILABILITY = YES_AGGRESSIVE;
				CLANG_WARN_UNREACHABLE_CODE = YES;
				CLANG_WARN__DUPLICATE_METHOD_MATCH = YES;
				COPY_PHASE_STRIP = NO;
				DEBUG_INFORMATION_FORMAT = "dwarf-with-dsym";
				ENABLE_NS_ASSERTIONS = NO;
				ENABLE_STRICT_OBJC_MSGSEND = YES;
				GCC_C_LANGUAGE_STANDARD = gnu11;
				GCC_NO_COMMON_BLOCKS = YES;
				GCC_WARN_64_TO_32_BIT_CONVERSION = YES;
				GCC_WARN_ABOUT_RETURN_TYPE = YES_ERROR;
				GCC_WARN_UNDECLARED_SELECTOR = YES;
				GCC_WARN_UNINITIALIZED_AUTOS = YES_AGGRESSIVE;
				GCC_WARN_UNUSED_FUNCTION = YES;
				GCC_WARN_UNUSED_VARIABLE = YES;
				MACOSX_DEPLOYMENT_TARGET = 10.15;
				MTL_ENABLE_DEBUG_INFO = NO;
				MTL_FAST_MATH = YES;
				SDKROOT = macosx;
				SWIFT_COMPILATION_MODE = wholemodule;
				SWIFT_OPTIMIZATION_LEVEL = "-O";
			};
			name = Release;
		};
		5D012F8A24DA5D3F001DCD12 /* Debug */ = {
			isa = XCBuildConfiguration;
			buildSettings = {
				CODE_SIGN_STYLE = Automatic;
				DEVELOPMENT_TEAM = 7JP38V24X3;
				ENABLE_HARDENED_RUNTIME = YES;
				PRODUCT_NAME = "$(TARGET_NAME)";
				SWIFT_VERSION = 5.0;
			};
			name = Debug;
		};
		5D012F8B24DA5D3F001DCD12 /* Release */ = {
			isa = XCBuildConfiguration;
			buildSettings = {
				CODE_SIGN_STYLE = Automatic;
				DEVELOPMENT_TEAM = 7JP38V24X3;
				ENABLE_HARDENED_RUNTIME = YES;
				PRODUCT_NAME = "$(TARGET_NAME)";
				SWIFT_VERSION = 5.0;
			};
			name = Release;
		};
/* End XCBuildConfiguration section */

/* Begin XCConfigurationList section */
		5D012F7D24DA5D3F001DCD12 /* Build configuration list for PBXProject "链表相关" */ = {
			isa = XCConfigurationList;
			buildConfigurations = (
				5D012F8724DA5D3F001DCD12 /* Debug */,
				5D012F8824DA5D3F001DCD12 /* Release */,
			);
			defaultConfigurationIsVisible = 0;
			defaultConfigurationName = Release;
		};
		5D012F8924DA5D3F001DCD12 /* Build configuration list for PBXNativeTarget "链表相关" */ = {
			isa = XCConfigurationList;
			buildConfigurations = (
				5D012F8A24DA5D3F001DCD12 /* Debug */,
				5D012F8B24DA5D3F001DCD12 /* Release */,
			);
			defaultConfigurationIsVisible = 0;
			defaultConfigurationName = Release;
		};
/* End XCConfigurationList section */
	};
	rootObject = 5D012F7A24DA5D3F001DCD12 /* Project object */;
}
