// !$*UTF8*$!
{
	archiveVersion = 1;
	classes = {
	};
	objectVersion = 50;
	objects = {

/* Begin PBXBuildFile section */
		5DDA65D024DFEE340036864B /* main.swift in Sources */ = {isa = PBXBuildFile; fileRef = 5DDA65CF24DFEE340036864B /* main.swift */; };
		5DDA65D724DFEE4E0036864B /* BubbleSort.swift in Sources */ = {isa = PBXBuildFile; fileRef = 5DDA65D624DFEE4E0036864B /* BubbleSort.swift */; };
		5DDA65D924DFEE790036864B /* SelectSort.swift in Sources */ = {isa = PBXBuildFile; fileRef = 5DDA65D824DFEE790036864B /* SelectSort.swift */; };
		5DDA65DB24DFEE990036864B /* InsertionSort.swift in Sources */ = {isa = PBXBuildFile; fileRef = 5DDA65DA24DFEE990036864B /* InsertionSort.swift */; };
		5DDA65DD24E029890036864B /* ShellSort.swift in Sources */ = {isa = PBXBuildFile; fileRef = 5DDA65DC24E029890036864B /* ShellSort.swift */; };
		5DDA65DF24E03E810036864B /* QuickSort.swift in Sources */ = {isa = PBXBuildFile; fileRef = 5DDA65DE24E03E810036864B /* QuickSort.swift */; };
/* End PBXBuildFile section */

/* Begin PBXCopyFilesBuildPhase section */
		5DDA65CA24DFEE340036864B /* CopyFiles */ = {
			isa = PBXCopyFilesBuildPhase;
			buildActionMask = 2147483647;
			dstPath = /usr/share/man/man1/;
			dstSubfolderSpec = 0;
			files = (
			);
			runOnlyForDeploymentPostprocessing = 1;
		};
/* End PBXCopyFilesBuildPhase section */

/* Begin PBXFileReference section */
		5DDA65CC24DFEE340036864B /* 排序算法相关 */ = {isa = PBXFileReference; explicitFileType = "compiled.mach-o.executable"; includeInIndex = 0; path = "排序算法相关"; sourceTree = BUILT_PRODUCTS_DIR; };
		5DDA65CF24DFEE340036864B /* main.swift */ = {isa = PBXFileReference; lastKnownFileType = sourcecode.swift; path = main.swift; sourceTree = "<group>"; };
		5DDA65D624DFEE4E0036864B /* BubbleSort.swift */ = {isa = PBXFileReference; lastKnownFileType = sourcecode.swift; path = BubbleSort.swift; sourceTree = "<group>"; };
		5DDA65D824DFEE790036864B /* SelectSort.swift */ = {isa = PBXFileReference; lastKnownFileType = sourcecode.swift; path = SelectSort.swift; sourceTree = "<group>"; };
		5DDA65DA24DFEE990036864B /* InsertionSort.swift */ = {isa = PBXFileReference; lastKnownFileType = sourcecode.swift; path = InsertionSort.swift; sourceTree = "<group>"; };
		5DDA65DC24E029890036864B /* ShellSort.swift */ = {isa = PBXFileReference; lastKnownFileType = sourcecode.swift; path = ShellSort.swift; sourceTree = "<group>"; };
		5DDA65DE24E03E810036864B /* QuickSort.swift */ = {isa = PBXFileReference; lastKnownFileType = sourcecode.swift; path = QuickSort.swift; sourceTree = "<group>"; };
/* End PBXFileReference section */

/* Begin PBXFrameworksBuildPhase section */
		5DDA65C924DFEE340036864B /* Frameworks */ = {
			isa = PBXFrameworksBuildPhase;
			buildActionMask = 2147483647;
			files = (
			);
			runOnlyForDeploymentPostprocessing = 0;
		};
/* End PBXFrameworksBuildPhase section */

/* Begin PBXGroup section */
		5DDA65C324DFEE340036864B = {
			isa = PBXGroup;
			children = (
				5DDA65CE24DFEE340036864B /* 排序算法相关 */,
				5DDA65CD24DFEE340036864B /* Products */,
			);
			sourceTree = "<group>";
		};
		5DDA65CD24DFEE340036864B /* Products */ = {
			isa = PBXGroup;
			children = (
				5DDA65CC24DFEE340036864B /* 排序算法相关 */,
			);
			name = Products;
			sourceTree = "<group>";
		};
		5DDA65CE24DFEE340036864B /* 排序算法相关 */ = {
			isa = PBXGroup;
			children = (
				5DDA65CF24DFEE340036864B /* main.swift */,
				5DDA65D624DFEE4E0036864B /* BubbleSort.swift */,
				5DDA65D824DFEE790036864B /* SelectSort.swift */,
				5DDA65DA24DFEE990036864B /* InsertionSort.swift */,
				5DDA65DC24E029890036864B /* ShellSort.swift */,
				5DDA65DE24E03E810036864B /* QuickSort.swift */,
			);
			path = "排序算法相关";
			sourceTree = "<group>";
		};
/* End PBXGroup section */

/* Begin PBXNativeTarget section */
		5DDA65CB24DFEE340036864B /* 排序算法相关 */ = {
			isa = PBXNativeTarget;
			buildConfigurationList = 5DDA65D324DFEE340036864B /* Build configuration list for PBXNativeTarget "排序算法相关" */;
			buildPhases = (
				5DDA65C824DFEE340036864B /* Sources */,
				5DDA65C924DFEE340036864B /* Frameworks */,
				5DDA65CA24DFEE340036864B /* CopyFiles */,
			);
			buildRules = (
			);
			dependencies = (
			);
			name = "排序算法相关";
			productName = "排序算法相关";
			productReference = 5DDA65CC24DFEE340036864B /* 排序算法相关 */;
			productType = "com.apple.product-type.tool";
		};
/* End PBXNativeTarget section */

/* Begin PBXProject section */
		5DDA65C424DFEE340036864B /* Project object */ = {
			isa = PBXProject;
			attributes = {
				LastSwiftUpdateCheck = 1150;
				LastUpgradeCheck = 1150;
				ORGANIZATIONNAME = Tate;
				TargetAttributes = {
					5DDA65CB24DFEE340036864B = {
						CreatedOnToolsVersion = 11.5;
					};
				};
			};
			buildConfigurationList = 5DDA65C724DFEE340036864B /* Build configuration list for PBXProject "排序算法相关" */;
			compatibilityVersion = "Xcode 9.3";
			developmentRegion = en;
			hasScannedForEncodings = 0;
			knownRegions = (
				en,
				Base,
			);
			mainGroup = 5DDA65C324DFEE340036864B;
			productRefGroup = 5DDA65CD24DFEE340036864B /* Products */;
			projectDirPath = "";
			projectRoot = "";
			targets = (
				5DDA65CB24DFEE340036864B /* 排序算法相关 */,
			);
		};
/* End PBXProject section */

/* Begin PBXSourcesBuildPhase section */
		5DDA65C824DFEE340036864B /* Sources */ = {
			isa = PBXSourcesBuildPhase;
			buildActionMask = 2147483647;
			files = (
				5DDA65DD24E029890036864B /* ShellSort.swift in Sources */,
				5DDA65DF24E03E810036864B /* QuickSort.swift in Sources */,
				5DDA65D024DFEE340036864B /* main.swift in Sources */,
				5DDA65DB24DFEE990036864B /* InsertionSort.swift in Sources */,
				5DDA65D924DFEE790036864B /* SelectSort.swift in Sources */,
				5DDA65D724DFEE4E0036864B /* BubbleSort.swift in Sources */,
			);
			runOnlyForDeploymentPostprocessing = 0;
		};
/* End PBXSourcesBuildPhase section */

/* Begin XCBuildConfiguration section */
		5DDA65D124DFEE340036864B /* Debug */ = {
			isa = XCBuildConfiguration;
			buildSettings = {
				ALWAYS_SEARCH_USER_PATHS = NO;
				CLANG_ANALYZER_NONNULL = YES;
				CLANG_ANALYZER_NUMBER_OBJECT_CONVERSION = YES_AGGRESSIVE;
				CLANG_CXX_LANGUAGE_STANDARD = "gnu++14";
				CLANG_CXX_LIBRARY = "libc++";
				CLANG_ENABLE_MODULES = YES;
				CLANG_ENABLE_OBJC_ARC = YES;
				CLANG_ENABLE_OBJC_WEAK = YES;
				CLANG_WARN_BLOCK_CAPTURE_AUTORELEASING = YES;
				CLANG_WARN_BOOL_CONVERSION = YES;
				CLANG_WARN_COMMA = YES;
				CLANG_WARN_CONSTANT_CONVERSION = YES;
				CLANG_WARN_DEPRECATED_OBJC_IMPLEMENTATIONS = YES;
				CLANG_WARN_DIRECT_OBJC_ISA_USAGE = YES_ERROR;
				CLANG_WARN_DOCUMENTATION_COMMENTS = YES;
				CLANG_WARN_EMPTY_BODY = YES;
				CLANG_WARN_ENUM_CONVERSION = YES;
				CLANG_WARN_INFINITE_RECURSION = YES;
				CLANG_WARN_INT_CONVERSION = YES;
				CLANG_WARN_NON_LITERAL_NULL_CONVERSION = YES;
				CLANG_WARN_OBJC_IMPLICIT_RETAIN_SELF = YES;
				CLANG_WARN_OBJC_LITERAL_CONVERSION = YES;
				CLANG_WARN_OBJC_ROOT_CLASS = YES_ERROR;
				CLANG_WARN_RANGE_LOOP_ANALYSIS = YES;
				CLANG_WARN_STRICT_PROTOTYPES = YES;
				CLANG_WARN_SUSPICIOUS_MOVE = YES;
				CLANG_WARN_UNGUARDED_AVAILABILITY = YES_AGGRESSIVE;
				CLANG_WARN_UNREACHABLE_CODE = YES;
				CLANG_WARN__DUPLICATE_METHOD_MATCH = YES;
				COPY_PHASE_STRIP = NO;
				DEBUG_INFORMATION_FORMAT = dwarf;
				ENABLE_STRICT_OBJC_MSGSEND = YES;
				ENABLE_TESTABILITY = YES;
				GCC_C_LANGUAGE_STANDARD = gnu11;
				GCC_DYNAMIC_NO_PIC = NO;
				GCC_NO_COMMON_BLOCKS = YES;
				GCC_OPTIMIZATION_LEVEL = 0;
				GCC_PREPROCESSOR_DEFINITIONS = (
					"DEBUG=1",
					"$(inherited)",
				);
				GCC_WARN_64_TO_32_BIT_CONVERSION = YES;
				GCC_WARN_ABOUT_RETURN_TYPE = YES_ERROR;
				GCC_WARN_UNDECLARED_SELECTOR = YES;
				GCC_WARN_UNINITIALIZED_AUTOS = YES_AGGRESSIVE;
				GCC_WARN_UNUSED_FUNCTION = YES;
				GCC_WARN_UNUSED_VARIABLE = YES;
				MACOSX_DEPLOYMENT_TARGET = 10.15;
				MTL_ENABLE_DEBUG_INFO = INCLUDE_SOURCE;
				MTL_FAST_MATH = YES;
				ONLY_ACTIVE_ARCH = YES;
				SDKROOT = macosx;
				SWIFT_ACTIVE_COMPILATION_CONDITIONS = DEBUG;
				SWIFT_OPTIMIZATION_LEVEL = "-Onone";
			};
			name = Debug;
		};
		5DDA65D224DFEE340036864B /* Release */ = {
			isa = XCBuildConfiguration;
			buildSettings = {
				ALWAYS_SEARCH_USER_PATHS = NO;
				CLANG_ANALYZER_NONNULL = YES;
				CLANG_ANALYZER_NUMBER_OBJECT_CONVERSION = YES_AGGRESSIVE;
				CLANG_CXX_LANGUAGE_STANDARD = "gnu++14";
				CLANG_CXX_LIBRARY = "libc++";
				CLANG_ENABLE_MODULES = YES;
				CLANG_ENABLE_OBJC_ARC = YES;
				CLANG_ENABLE_OBJC_WEAK = YES;
				CLANG_WARN_BLOCK_CAPTURE_AUTORELEASING = YES;
				CLANG_WARN_BOOL_CONVERSION = YES;
				CLANG_WARN_COMMA = YES;
				CLANG_WARN_CONSTANT_CONVERSION = YES;
				CLANG_WARN_DEPRECATED_OBJC_IMPLEMENTATIONS = YES;
				CLANG_WARN_DIRECT_OBJC_ISA_USAGE = YES_ERROR;
				CLANG_WARN_DOCUMENTATION_COMMENTS = YES;
				CLANG_WARN_EMPTY_BODY = YES;
				CLANG_WARN_ENUM_CONVERSION = YES;
				CLANG_WARN_INFINITE_RECURSION = YES;
				CLANG_WARN_INT_CONVERSION = YES;
				CLANG_WARN_NON_LITERAL_NULL_CONVERSION = YES;
				CLANG_WARN_OBJC_IMPLICIT_RETAIN_SELF = YES;
				CLANG_WARN_OBJC_LITERAL_CONVERSION = YES;
				CLANG_WARN_OBJC_ROOT_CLASS = YES_ERROR;
				CLANG_WARN_RANGE_LOOP_ANALYSIS = YES;
				CLANG_WARN_STRICT_PROTOTYPES = YES;
				CLANG_WARN_SUSPICIOUS_MOVE = YES;
				CLANG_WARN_UNGUARDED_AVAILABILITY = YES_AGGRESSIVE;
				CLANG_WARN_UNREACHABLE_CODE = YES;
				CLANG_WARN__DUPLICATE_METHOD_MATCH = YES;
				COPY_PHASE_STRIP = NO;
				DEBUG_INFORMATION_FORMAT = "dwarf-with-dsym";
				ENABLE_NS_ASSERTIONS = NO;
				ENABLE_STRICT_OBJC_MSGSEND = YES;
				GCC_C_LANGUAGE_STANDARD = gnu11;
				GCC_NO_COMMON_BLOCKS = YES;
				GCC_WARN_64_TO_32_BIT_CONVERSION = YES;
				GCC_WARN_ABOUT_RETURN_TYPE = YES_ERROR;
				GCC_WARN_UNDECLARED_SELECTOR = YES;
				GCC_WARN_UNINITIALIZED_AUTOS = YES_AGGRESSIVE;
				GCC_WARN_UNUSED_FUNCTION = YES;
				GCC_WARN_UNUSED_VARIABLE = YES;
				MACOSX_DEPLOYMENT_TARGET = 10.15;
				MTL_ENABLE_DEBUG_INFO = NO;
				MTL_FAST_MATH = YES;
				SDKROOT = macosx;
				SWIFT_COMPILATION_MODE = wholemodule;
				SWIFT_OPTIMIZATION_LEVEL = "-O";
			};
			name = Release;
		};
		5DDA65D424DFEE340036864B /* Debug */ = {
			isa = XCBuildConfiguration;
			buildSettings = {
				CODE_SIGN_STYLE = Automatic;
				DEVELOPMENT_TEAM = 297N698G72;
				ENABLE_HARDENED_RUNTIME = YES;
				PRODUCT_NAME = "$(TARGET_NAME)";
				SWIFT_VERSION = 5.0;
			};
			name = Debug;
		};
		5DDA65D524DFEE340036864B /* Release */ = {
			isa = XCBuildConfiguration;
			buildSettings = {
				CODE_SIGN_STYLE = Automatic;
				DEVELOPMENT_TEAM = 297N698G72;
				ENABLE_HARDENED_RUNTIME = YES;
				PRODUCT_NAME = "$(TARGET_NAME)";
				SWIFT_VERSION = 5.0;
			};
			name = Release;
		};
/* End XCBuildConfiguration section */

/* Begin XCConfigurationList section */
		5DDA65C724DFEE340036864B /* Build configuration list for PBXProject "排序算法相关" */ = {
			isa = XCConfigurationList;
			buildConfigurations = (
				5DDA65D124DFEE340036864B /* Debug */,
				5DDA65D224DFEE340036864B /* Release */,
			);
			defaultConfigurationIsVisible = 0;
			defaultConfigurationName = Release;
		};
		5DDA65D324DFEE340036864B /* Build configuration list for PBXNativeTarget "排序算法相关" */ = {
			isa = XCConfigurationList;
			buildConfigurations = (
				5DDA65D424DFEE340036864B /* Debug */,
				5DDA65D524DFEE340036864B /* Release */,
			);
			defaultConfigurationIsVisible = 0;
			defaultConfigurationName = Release;
		};
/* End XCConfigurationList section */
	};
	rootObject = 5DDA65C424DFEE340036864B /* Project object */;
}
